
Microsoft Visual Studio Solution File, Format Version 12.00
# Visual Studio Version 17
VisualStudioVersion = 17.12.35527.113 d17.12
MinimumVisualStudioVersion = 10.0.40219.1
Project("{FAE04EC0-301F-11D3-BF4B-00C04F79EFBC}") = "Wara3_FullStack_Angular_.net.Server", "Wara3_FullStack_Angular_.net.Server\Wara3_FullStack_Angular_.net.Server.csproj", "{196F988C-608D-4A5D-8C38-2E4D7C6F38CD}"
EndProject
Project("{FAE04EC0-301F-11D3-BF4B-00C04F79EFBC}") = "Wara3_FullStack_Angular_.net.AppHost", "Wara3_FullStack_Angular_.net.AppHost\Wara3_FullStack_Angular_.net.AppHost.csproj", "{1CE285EB-62B8-49EC-A229-E550A1A00973}"
EndProject
Project("{FAE04EC0-301F-11D3-BF4B-00C04F79EFBC}") = "Wara3_FullStack_Angular_.net.ServiceDefaults", "Wara3_FullStack_Angular_.net.ServiceDefaults\Wara3_FullStack_Angular_.net.ServiceDefaults.csproj", "{2F4B9595-B804-4D49-858F-BBDE5D980E2B}"
EndProject
Project("{54A90642-561A-4BB1-A94E-469ADEE60C69}") = "wara3_fullstack_angular_.net.client", "wara3_fullstack_angular_.net.client\wara3_fullstack_angular_.net.client.esproj", "{062372FC-BC66-4D2A-87BF-C92D9D61A246}"
EndProject
Global
	GlobalSection(SolutionConfigurationPlatforms) = preSolution
		Debug|Any CPU = Debug|Any CPU
		Release|Any CPU = Release|Any CPU
	EndGlobalSection
	GlobalSection(ProjectConfigurationPlatforms) = postSolution
		{196F988C-608D-4A5D-8C38-2E4D7C6F38CD}.Debug|Any CPU.ActiveCfg = Debug|Any CPU
		{196F988C-608D-4A5D-8C38-2E4D7C6F38CD}.Debug|Any CPU.Build.0 = Debug|Any CPU
		{196F988C-608D-4A5D-8C38-2E4D7C6F38CD}.Release|Any CPU.ActiveCfg = Release|Any CPU
		{196F988C-608D-4A5D-8C38-2E4D7C6F38CD}.Release|Any CPU.Build.0 = Release|Any CPU
		{1CE285EB-62B8-49EC-A229-E550A1A00973}.Debug|Any CPU.ActiveCfg = Debug|Any CPU
		{1CE285EB-62B8-49EC-A229-E550A1A00973}.Debug|Any CPU.Build.0 = Debug|Any CPU
		{1CE285EB-62B8-49EC-A229-E550A1A00973}.Release|Any CPU.ActiveCfg = Release|Any CPU
		{1CE285EB-62B8-49EC-A229-E550A1A00973}.Release|Any CPU.Build.0 = Release|Any CPU
		{2F4B9595-B804-4D49-858F-BBDE5D980E2B}.Debug|Any CPU.ActiveCfg = Debug|Any CPU
		{2F4B9595-B804-4D49-858F-BBDE5D980E2B}.Debug|Any CPU.Build.0 = Debug|Any CPU
		{2F4B9595-B804-4D49-858F-BBDE5D980E2B}.Release|Any CPU.ActiveCfg = Release|Any CPU
		{2F4B9595-B804-4D49-858F-BBDE5D980E2B}.Release|Any CPU.Build.0 = Release|Any CPU
		{062372FC-BC66-4D2A-87BF-C92D9D61A246}.Debug|Any CPU.ActiveCfg = Debug|Any CPU
		{062372FC-BC66-4D2A-87BF-C92D9D61A246}.Debug|Any CPU.Build.0 = Debug|Any CPU
		{062372FC-BC66-4D2A-87BF-C92D9D61A246}.Debug|Any CPU.Deploy.0 = Debug|Any CPU
		{062372FC-BC66-4D2A-87BF-C92D9D61A246}.Release|Any CPU.ActiveCfg = Release|Any CPU
		{062372FC-BC66-4D2A-87BF-C92D9D61A246}.Release|Any CPU.Build.0 = Release|Any CPU
		{062372FC-BC66-4D2A-87BF-C92D9D61A246}.Release|Any CPU.Deploy.0 = Release|Any CPU
	EndGlobalSection
	GlobalSection(SolutionProperties) = preSolution
		HideSolutionNode = FALSE
	EndGlobalSection
EndGlobal
